<?xml version="1.0" encoding="UTF-8"?>
<Scheme
   LastUpgradeVersion = "1630"
   version = "1.3">
   <BuildAction
      parallelizeBuildables = "YES"
      buildImplicitDependencies = "NO">
      <BuildActionEntries>
         <BuildActionEntry
            buildForTesting = "YES"
            buildForRunning = "YES"
            buildForProfiling = "YES"
            buildForArchiving = "YES"
            buildForAnalyzing = "YES">
            <BuildableReference
               BuildableIdentifier = "primary"
               BlueprintIdentifier = "8580E5D3251A6804005282CF"
               BuildableName = "gameserver"
               BlueprintName = "gameserver"
               ReferencedContainer = "container:Blip.xcodeproj">
            </BuildableReference>
         </BuildActionEntry>
      </BuildActionEntries>
   </BuildAction>
   <TestAction
      buildConfiguration = "Debug"
      selectedDebuggerIdentifier = "Xcode.DebuggerFoundation.Debugger.LLDB"
      selectedLauncherIdentifier = "Xcode.DebuggerFoundation.Launcher.LLDB"
      shouldUseLaunchSchemeArgsEnv = "YES">
      <Testables>
      </Testables>
   </TestAction>
   <LaunchAction
      buildConfiguration = "Debug"
      selectedDebuggerIdentifier = "Xcode.DebuggerFoundation.Debugger.LLDB"
      selectedLauncherIdentifier = "Xcode.DebuggerFoundation.Launcher.LLDB"
      launchStyle = "0"
      useCustomWorkingDirectory = "NO"
      ignoresPersistentStateOnLaunch = "NO"
      debugDocumentVersioning = "YES"
      debugServiceExtension = "internal"
      allowLocationSimulation = "YES">
      <BuildableProductRunnable
         runnableDebuggingMode = "0">
         <BuildableReference
            BuildableIdentifier = "primary"
            BlueprintIdentifier = "8580E5D3251A6804005282CF"
            BuildableName = "gameserver"
            BlueprintName = "gameserver"
            ReferencedContainer = "container:Blip.xcodeproj">
         </BuildableReference>
      </BuildableProductRunnable>
      <CommandLineArguments>
         <CommandLineArgument
            argument = "dev"
            isEnabled = "YES">
         </CommandLineArgument>
         <CommandLineArgument
            argument = "5be7825d-b412-4cbb-84bc-505d21f24614"
            isEnabled = "YES">
         </CommandLineArgument>
         <CommandLineArgument
            argument = "xcode-"
            isEnabled = "YES">
         </CommandLineArgument>
         <CommandLineArgument
            argument = "http://api.particubes.com:10082"
            isEnabled = "YES">
         </CommandLineArgument>
         <CommandLineArgument
            argument = "8"
            isEnabled = "YES">
         </CommandLineArgument>
      </CommandLineArguments>
      <EnvironmentVariables>
         <EnvironmentVariable
            key = "HOSTNAME"
            value = "debug_hostname"
            isEnabled = "YES">
         </EnvironmentVariable>
         <EnvironmentVariable
            key = "CUBZH_GAMESERVER_TLS_CERT_PATH"
            value = "$HOME/repos/exe/certs/cu.bzh/cu.bzh.chained.crt"
            isEnabled = "YES">
         </EnvironmentVariable>
         <EnvironmentVariable
            key = "CUBZH_GAMESERVER_TLS_PRIVATEKEY_PATH"
            value = "$HOME/repos/exe/certs/cu.bzh/cu.bzh.key"
            isEnabled = "YES">
         </EnvironmentVariable>
      </EnvironmentVariables>
   </LaunchAction>
   <ProfileAction
      buildConfiguration = "Release"
      shouldUseLaunchSchemeArgsEnv = "YES"
      savedToolIdentifier = ""
      useCustomWorkingDirectory = "NO"
      debugDocumentVersioning = "YES">
      <BuildableProductRunnable
         runnableDebuggingMode = "0">
         <BuildableReference
            BuildableIdentifier = "primary"
            BlueprintIdentifier = "8580E5D3251A6804005282CF"
            BuildableName = "gameserver"
            BlueprintName = "gameserver"
            ReferencedContainer = "container:Blip.xcodeproj">
         </BuildableReference>
      </BuildableProductRunnable>
   </ProfileAction>
   <AnalyzeAction
      buildConfiguration = "Debug">
   </AnalyzeAction>
   <ArchiveAction
      buildConfiguration = "Release"
      revealArchiveInOrganizer = "YES">
   </ArchiveAction>
</Scheme>
