<?xml version="1.0" encoding="utf-8"?>
<Project ToolsVersion="4.0" xmlns="http://schemas.microsoft.com/developer/msbuild/2003">
  <ItemGroup>
    <Filter Include="3rdparty">
      <UniqueIdentifier>{3E7DA5C5-2A4A-00D1-5363-EE783F8F355F}</UniqueIdentifier>
    </Filter>
    <Filter Include="include">
      <UniqueIdentifier>{89AF369E-F58E-B539-FEA6-40106A051C9B}</UniqueIdentifier>
    </Filter>
    <Filter Include="include\bimg">
      <UniqueIdentifier>{17D7D869-033A-680E-ACBF-A0C498013491}</UniqueIdentifier>
    </Filter>
    <Filter Include="src">
      <UniqueIdentifier>{2DAB880B-99B4-887C-2230-9F7C8E38947C}</UniqueIdentifier>
    </Filter>
    <Filter Include="3rdparty\tinyexr">
      <UniqueIdentifier>{58d118aa-e805-47d7-94df-07ac3aa88c2e}</UniqueIdentifier>
    </Filter>
    <Filter Include="3rdparty\astc-encoder">
      <UniqueIdentifier>{1b1776c0-9bad-47c0-a87f-0b8a3e85bf6b}</UniqueIdentifier>
    </Filter>
    <Filter Include="3rdparty\iqa">
      <UniqueIdentifier>{bbb00fc5-d9a2-4bb5-9440-f12b2e58aeb2}</UniqueIdentifier>
    </Filter>
  </ItemGroup>
  <ItemGroup>
    <ClInclude Include="..\..\..\cubzh\deps\bgfx\bimg\3rdparty\astc-encoder\source\astcenc_diagnostic_trace.h">
      <Filter>3rdparty\astc-encoder</Filter>
    </ClInclude>
    <ClInclude Include="..\..\..\cubzh\deps\bgfx\bimg\3rdparty\astc-encoder\source\astcenc_internal.h">
      <Filter>3rdparty\astc-encoder</Filter>
    </ClInclude>
    <ClInclude Include="..\..\..\cubzh\deps\bgfx\bimg\3rdparty\astc-encoder\source\astcenc_internal_entry.h">
      <Filter>3rdparty\astc-encoder</Filter>
    </ClInclude>
    <ClInclude Include="..\..\..\cubzh\deps\bgfx\bimg\3rdparty\astc-encoder\source\astcenc_mathlib.h">
      <Filter>3rdparty\astc-encoder</Filter>
    </ClInclude>
    <ClInclude Include="..\..\..\cubzh\deps\bgfx\bimg\3rdparty\astc-encoder\source\astcenc_vecmathlib.h">
      <Filter>3rdparty\astc-encoder</Filter>
    </ClInclude>
    <ClInclude Include="..\..\..\cubzh\deps\bgfx\bimg\3rdparty\astc-encoder\source\astcenc_vecmathlib_avx2_8.h">
      <Filter>3rdparty\astc-encoder</Filter>
    </ClInclude>
    <ClInclude Include="..\..\..\cubzh\deps\bgfx\bimg\3rdparty\astc-encoder\source\astcenc_vecmathlib_common_4.h">
      <Filter>3rdparty\astc-encoder</Filter>
    </ClInclude>
    <ClInclude Include="..\..\..\cubzh\deps\bgfx\bimg\3rdparty\astc-encoder\source\astcenc_vecmathlib_neon_4.h">
      <Filter>3rdparty\astc-encoder</Filter>
    </ClInclude>
    <ClInclude Include="..\..\..\cubzh\deps\bgfx\bimg\3rdparty\astc-encoder\source\astcenc_vecmathlib_none_4.h">
      <Filter>3rdparty\astc-encoder</Filter>
    </ClInclude>
    <ClInclude Include="..\..\..\cubzh\deps\bgfx\bimg\3rdparty\astc-encoder\source\astcenc_vecmathlib_sse_4.h">
      <Filter>3rdparty\astc-encoder</Filter>
    </ClInclude>
    <ClInclude Include="..\..\..\cubzh\deps\bgfx\bimg\include\bimg\bimg.h">
      <Filter>include\bimg</Filter>
    </ClInclude>
    <ClInclude Include="..\..\..\cubzh\deps\bgfx\bimg\include\bimg\decode.h">
      <Filter>include\bimg</Filter>
    </ClInclude>
    <ClInclude Include="..\..\..\cubzh\deps\bgfx\bimg\include\bimg\encode.h">
      <Filter>include\bimg</Filter>
    </ClInclude>
    <ClInclude Include="..\..\..\cubzh\deps\bgfx\bimg\src\bimg_p.h">
      <Filter>src</Filter>
    </ClInclude>
    <ClInclude Include="..\..\..\cubzh\deps\bgfx\bimg\src\config.h">
      <Filter>src</Filter>
    </ClInclude>
  </ItemGroup>
  <ItemGroup>
    <ClCompile Include="..\..\..\cubzh\deps\bgfx\bimg\3rdparty\astc-encoder\source\astcenc_color_quantize.cpp">
      <Filter>3rdparty\astc-encoder</Filter>
    </ClCompile>
    <ClCompile Include="..\..\..\cubzh\deps\bgfx\bimg\3rdparty\astc-encoder\source\astcenc_color_unquantize.cpp">
      <Filter>3rdparty\astc-encoder</Filter>
    </ClCompile>
    <ClCompile Include="..\..\..\cubzh\deps\bgfx\bimg\3rdparty\astc-encoder\source\astcenc_compress_symbolic.cpp">
      <Filter>3rdparty\astc-encoder</Filter>
    </ClCompile>
    <ClCompile Include="..\..\..\cubzh\deps\bgfx\bimg\3rdparty\astc-encoder\source\astcenc_compute_variance.cpp">
      <Filter>3rdparty\astc-encoder</Filter>
    </ClCompile>
    <ClCompile Include="..\..\..\cubzh\deps\bgfx\bimg\3rdparty\astc-encoder\source\astcenc_decompress_symbolic.cpp">
      <Filter>3rdparty\astc-encoder</Filter>
    </ClCompile>
    <ClCompile Include="..\..\..\cubzh\deps\bgfx\bimg\3rdparty\astc-encoder\source\astcenc_diagnostic_trace.cpp">
      <Filter>3rdparty\astc-encoder</Filter>
    </ClCompile>
    <ClCompile Include="..\..\..\cubzh\deps\bgfx\bimg\3rdparty\astc-encoder\source\astcenc_entry.cpp">
      <Filter>3rdparty\astc-encoder</Filter>
    </ClCompile>
    <ClCompile Include="..\..\..\cubzh\deps\bgfx\bimg\3rdparty\astc-encoder\source\astcenc_find_best_partitioning.cpp">
      <Filter>3rdparty\astc-encoder</Filter>
    </ClCompile>
    <ClCompile Include="..\..\..\cubzh\deps\bgfx\bimg\3rdparty\astc-encoder\source\astcenc_ideal_endpoints_and_weights.cpp">
      <Filter>3rdparty\astc-encoder</Filter>
    </ClCompile>
    <ClCompile Include="..\..\..\cubzh\deps\bgfx\bimg\3rdparty\astc-encoder\source\astcenc_image.cpp">
      <Filter>3rdparty\astc-encoder</Filter>
    </ClCompile>
    <ClCompile Include="..\..\..\cubzh\deps\bgfx\bimg\3rdparty\astc-encoder\source\astcenc_integer_sequence.cpp">
      <Filter>3rdparty\astc-encoder</Filter>
    </ClCompile>
    <ClCompile Include="..\..\..\cubzh\deps\bgfx\bimg\3rdparty\astc-encoder\source\astcenc_mathlib.cpp">
      <Filter>3rdparty\astc-encoder</Filter>
    </ClCompile>
    <ClCompile Include="..\..\..\cubzh\deps\bgfx\bimg\3rdparty\astc-encoder\source\astcenc_mathlib_softfloat.cpp">
      <Filter>3rdparty\astc-encoder</Filter>
    </ClCompile>
    <ClCompile Include="..\..\..\cubzh\deps\bgfx\bimg\3rdparty\astc-encoder\source\astcenc_partition_tables.cpp">
      <Filter>3rdparty\astc-encoder</Filter>
    </ClCompile>
    <ClCompile Include="..\..\..\cubzh\deps\bgfx\bimg\3rdparty\astc-encoder\source\astcenc_percentile_tables.cpp">
      <Filter>3rdparty\astc-encoder</Filter>
    </ClCompile>
    <ClCompile Include="..\..\..\cubzh\deps\bgfx\bimg\3rdparty\astc-encoder\source\astcenc_pick_best_endpoint_format.cpp">
      <Filter>3rdparty\astc-encoder</Filter>
    </ClCompile>
    <ClCompile Include="..\..\..\cubzh\deps\bgfx\bimg\3rdparty\astc-encoder\source\astcenc_quantization.cpp">
      <Filter>3rdparty\astc-encoder</Filter>
    </ClCompile>
    <ClCompile Include="..\..\..\cubzh\deps\bgfx\bimg\3rdparty\astc-encoder\source\astcenc_symbolic_physical.cpp">
      <Filter>3rdparty\astc-encoder</Filter>
    </ClCompile>
    <ClCompile Include="..\..\..\cubzh\deps\bgfx\bimg\3rdparty\astc-encoder\source\astcenc_weight_align.cpp">
      <Filter>3rdparty\astc-encoder</Filter>
    </ClCompile>
    <ClCompile Include="..\..\..\cubzh\deps\bgfx\bimg\3rdparty\astc-encoder\source\astcenc_weight_quant_xfer_tables.cpp">
      <Filter>3rdparty\astc-encoder</Filter>
    </ClCompile>
    <ClCompile Include="..\..\..\cubzh\deps\bgfx\bimg\3rdparty\astc-encoder\source\astcenc_averages_and_directions.cpp">
      <Filter>3rdparty\astc-encoder</Filter>
    </ClCompile>
    <ClCompile Include="..\..\..\cubzh\deps\bgfx\bimg\3rdparty\astc-encoder\source\astcenc_block_sizes.cpp">
      <Filter>3rdparty\astc-encoder</Filter>
    </ClCompile>
    <ClCompile Include="..\..\..\cubzh\deps\bgfx\bimg\3rdparty\tinyexr\deps\miniz\miniz.c">
      <Filter>3rdparty\tinyexr</Filter>
    </ClCompile>
    <ClCompile Include="..\..\..\cubzh\deps\bgfx\bimg\src\image.cpp">
      <Filter>src</Filter>
    </ClCompile>
    <ClCompile Include="..\..\..\cubzh\deps\bgfx\bimg\src\image_cubemap_filter.cpp">
      <Filter>src</Filter>
    </ClCompile>
    <ClCompile Include="..\..\..\cubzh\deps\bgfx\bimg\src\image_decode.cpp">
      <Filter>src</Filter>
    </ClCompile>
    <ClCompile Include="..\..\..\cubzh\deps\bgfx\bimg\src\image_encode.cpp">
      <Filter>src</Filter>
    </ClCompile>
    <ClCompile Include="..\..\..\cubzh\deps\bgfx\bimg\src\image_gnf.cpp">
      <Filter>src</Filter>
    </ClCompile>
    <ClCompile Include="..\..\..\cubzh\deps\bgfx\bimg\3rdparty\iqa\source\convolve.c">
      <Filter>3rdparty\iqa</Filter>
    </ClCompile>
    <ClCompile Include="..\..\..\cubzh\deps\bgfx\bimg\3rdparty\iqa\source\decimate.c">
      <Filter>3rdparty\iqa</Filter>
    </ClCompile>
    <ClCompile Include="..\..\..\cubzh\deps\bgfx\bimg\3rdparty\iqa\source\math_utils.c">
      <Filter>3rdparty\iqa</Filter>
    </ClCompile>
    <ClCompile Include="..\..\..\cubzh\deps\bgfx\bimg\3rdparty\iqa\source\ms_ssim.c">
      <Filter>3rdparty\iqa</Filter>
    </ClCompile>
    <ClCompile Include="..\..\..\cubzh\deps\bgfx\bimg\3rdparty\iqa\source\mse.c">
      <Filter>3rdparty\iqa</Filter>
    </ClCompile>
    <ClCompile Include="..\..\..\cubzh\deps\bgfx\bimg\3rdparty\iqa\source\psnr.c">
      <Filter>3rdparty\iqa</Filter>
    </ClCompile>
    <ClCompile Include="..\..\..\cubzh\deps\bgfx\bimg\3rdparty\iqa\source\ssim.c">
      <Filter>3rdparty\iqa</Filter>
    </ClCompile>
  </ItemGroup>
</Project>