
Microsoft Visual Studio Solution File, Format Version 12.00
# Visual Studio Version 17
VisualStudioVersion = 17.3.32922.545
MinimumVisualStudioVersion = 10.0.40219.1
Project("{8BC9CEB8-8B4A-11D0-8D11-00A0C91BC942}") = "Blip", "ParticubesWin.vcxproj", "{C0662D44-EB84-4A47-BF67-3E3A03BDCEE4}"
	ProjectSection(ProjectDependencies) = postProject
		{5F775900-4B03-880B-B4B1-880BA05C880B} = {5F775900-4B03-880B-B4B1-880BA05C880B}
		{6C90947C-58C7-950D-01B4-7B10EDC9110F} = {6C90947C-58C7-950D-01B4-7B10EDC9110F}
		{C499947C-B0D0-950D-59BD-7B1045D3110F} = {C499947C-B0D0-950D-59BD-7B1045D3110F}
		{9563977C-819A-980D-2A87-7E10169D140F} = {9563977C-819A-980D-2A87-7E10169D140F}
	EndProjectSection
EndProject
Project("{8BC9CEB8-8B4A-11D0-8D11-00A0C91BC942}") = "bgfx", "..\bgfx.vcxproj", "{6C90947C-58C7-950D-01B4-7B10EDC9110F}"
	ProjectSection(ProjectDependencies) = postProject
		{5F775900-4B03-880B-B4B1-880BA05C880B} = {5F775900-4B03-880B-B4B1-880BA05C880B}
	EndProjectSection
EndProject
Project("{8BC9CEB8-8B4A-11D0-8D11-00A0C91BC942}") = "bimg", "..\bimg.vcxproj", "{C499947C-B0D0-950D-59BD-7B1045D3110F}"
EndProject
Project("{8BC9CEB8-8B4A-11D0-8D11-00A0C91BC942}") = "bx", "..\bx.vcxproj", "{5F775900-4B03-880B-B4B1-880BA05C880B}"
EndProject
Project("{8BC9CEB8-8B4A-11D0-8D11-00A0C91BC942}") = "glfw", "..\glfw.vcxproj", "{9563977C-819A-980D-2A87-7E10169D140F}"
EndProject
Project("{8BC9CEB8-8B4A-11D0-8D11-00A0C91BC942}") = "xptools", "..\xptools\xptools.vcxproj", "{2516EBD9-A0DC-4BFE-8EC9-3DA3082F2AC3}"
EndProject
Project("{8BC9CEB8-8B4A-11D0-8D11-00A0C91BC942}") = "lpng", "..\lpng\lpng.vcxproj", "{9F99BFC7-2710-46BC-AED3-49A36D2F1B9A}"
EndProject
Project("{8BC9CEB8-8B4A-11D0-8D11-00A0C91BC942}") = "harfbuzz", "..\harfbuzz\harfbuzz.vcxproj", "{DD3B3B24-A0EE-42FF-93BA-A70EE5715FAB}"
EndProject
Project("{8BC9CEB8-8B4A-11D0-8D11-00A0C91BC942}") = "freetype", "..\freetype\freetype.vcxproj", "{78B079BD-9FC7-4B9E-B4A6-96DA0F00248B}"
EndProject
Global
	GlobalSection(SolutionConfigurationPlatforms) = preSolution
		Debug|x64 = Debug|x64
		Debug|x86 = Debug|x86
		Release|x64 = Release|x64
		Release|x86 = Release|x86
	EndGlobalSection
	GlobalSection(ProjectConfigurationPlatforms) = postSolution
		{C0662D44-EB84-4A47-BF67-3E3A03BDCEE4}.Debug|x64.ActiveCfg = Debug|x64
		{C0662D44-EB84-4A47-BF67-3E3A03BDCEE4}.Debug|x64.Build.0 = Debug|x64
		{C0662D44-EB84-4A47-BF67-3E3A03BDCEE4}.Debug|x86.ActiveCfg = Debug|x64
		{C0662D44-EB84-4A47-BF67-3E3A03BDCEE4}.Debug|x86.Build.0 = Debug|x64
		{C0662D44-EB84-4A47-BF67-3E3A03BDCEE4}.Release|x64.ActiveCfg = Release|x64
		{C0662D44-EB84-4A47-BF67-3E3A03BDCEE4}.Release|x64.Build.0 = Release|x64
		{C0662D44-EB84-4A47-BF67-3E3A03BDCEE4}.Release|x86.ActiveCfg = Release|x64
		{C0662D44-EB84-4A47-BF67-3E3A03BDCEE4}.Release|x86.Build.0 = Release|x64
		{6C90947C-58C7-950D-01B4-7B10EDC9110F}.Debug|x64.ActiveCfg = Debug|x64
		{6C90947C-58C7-950D-01B4-7B10EDC9110F}.Debug|x64.Build.0 = Debug|x64
		{6C90947C-58C7-950D-01B4-7B10EDC9110F}.Debug|x86.ActiveCfg = Debug|x64
		{6C90947C-58C7-950D-01B4-7B10EDC9110F}.Debug|x86.Build.0 = Debug|x64
		{6C90947C-58C7-950D-01B4-7B10EDC9110F}.Release|x64.ActiveCfg = Release|x64
		{6C90947C-58C7-950D-01B4-7B10EDC9110F}.Release|x64.Build.0 = Release|x64
		{6C90947C-58C7-950D-01B4-7B10EDC9110F}.Release|x86.ActiveCfg = Release|x64
		{6C90947C-58C7-950D-01B4-7B10EDC9110F}.Release|x86.Build.0 = Release|x64
		{C499947C-B0D0-950D-59BD-7B1045D3110F}.Debug|x64.ActiveCfg = Debug|x64
		{C499947C-B0D0-950D-59BD-7B1045D3110F}.Debug|x64.Build.0 = Debug|x64
		{C499947C-B0D0-950D-59BD-7B1045D3110F}.Debug|x86.ActiveCfg = Debug|x64
		{C499947C-B0D0-950D-59BD-7B1045D3110F}.Debug|x86.Build.0 = Debug|x64
		{C499947C-B0D0-950D-59BD-7B1045D3110F}.Release|x64.ActiveCfg = Release|x64
		{C499947C-B0D0-950D-59BD-7B1045D3110F}.Release|x64.Build.0 = Release|x64
		{C499947C-B0D0-950D-59BD-7B1045D3110F}.Release|x86.ActiveCfg = Release|x64
		{C499947C-B0D0-950D-59BD-7B1045D3110F}.Release|x86.Build.0 = Release|x64
		{5F775900-4B03-880B-B4B1-880BA05C880B}.Debug|x64.ActiveCfg = Debug|x64
		{5F775900-4B03-880B-B4B1-880BA05C880B}.Debug|x64.Build.0 = Debug|x64
		{5F775900-4B03-880B-B4B1-880BA05C880B}.Debug|x86.ActiveCfg = Debug|x64
		{5F775900-4B03-880B-B4B1-880BA05C880B}.Debug|x86.Build.0 = Debug|x64
		{5F775900-4B03-880B-B4B1-880BA05C880B}.Release|x64.ActiveCfg = Release|x64
		{5F775900-4B03-880B-B4B1-880BA05C880B}.Release|x64.Build.0 = Release|x64
		{5F775900-4B03-880B-B4B1-880BA05C880B}.Release|x86.ActiveCfg = Release|x64
		{5F775900-4B03-880B-B4B1-880BA05C880B}.Release|x86.Build.0 = Release|x64
		{9563977C-819A-980D-2A87-7E10169D140F}.Debug|x64.ActiveCfg = Debug|x64
		{9563977C-819A-980D-2A87-7E10169D140F}.Debug|x64.Build.0 = Debug|x64
		{9563977C-819A-980D-2A87-7E10169D140F}.Debug|x86.ActiveCfg = Debug|x64
		{9563977C-819A-980D-2A87-7E10169D140F}.Debug|x86.Build.0 = Debug|x64
		{9563977C-819A-980D-2A87-7E10169D140F}.Release|x64.ActiveCfg = Release|x64
		{9563977C-819A-980D-2A87-7E10169D140F}.Release|x64.Build.0 = Release|x64
		{9563977C-819A-980D-2A87-7E10169D140F}.Release|x86.ActiveCfg = Release|x64
		{9563977C-819A-980D-2A87-7E10169D140F}.Release|x86.Build.0 = Release|x64
		{2516EBD9-A0DC-4BFE-8EC9-3DA3082F2AC3}.Debug|x64.ActiveCfg = Debug|x64
		{2516EBD9-A0DC-4BFE-8EC9-3DA3082F2AC3}.Debug|x64.Build.0 = Debug|x64
		{2516EBD9-A0DC-4BFE-8EC9-3DA3082F2AC3}.Debug|x86.ActiveCfg = Debug|x64
		{2516EBD9-A0DC-4BFE-8EC9-3DA3082F2AC3}.Debug|x86.Build.0 = Debug|x64
		{2516EBD9-A0DC-4BFE-8EC9-3DA3082F2AC3}.Release|x64.ActiveCfg = Release|x64
		{2516EBD9-A0DC-4BFE-8EC9-3DA3082F2AC3}.Release|x64.Build.0 = Release|x64
		{2516EBD9-A0DC-4BFE-8EC9-3DA3082F2AC3}.Release|x86.ActiveCfg = Release|x64
		{2516EBD9-A0DC-4BFE-8EC9-3DA3082F2AC3}.Release|x86.Build.0 = Release|x64
		{9F99BFC7-2710-46BC-AED3-49A36D2F1B9A}.Debug|x64.ActiveCfg = Debug|x64
		{9F99BFC7-2710-46BC-AED3-49A36D2F1B9A}.Debug|x64.Build.0 = Debug|x64
		{9F99BFC7-2710-46BC-AED3-49A36D2F1B9A}.Debug|x86.ActiveCfg = Debug|x64
		{9F99BFC7-2710-46BC-AED3-49A36D2F1B9A}.Debug|x86.Build.0 = Debug|x64
		{9F99BFC7-2710-46BC-AED3-49A36D2F1B9A}.Release|x64.ActiveCfg = Release|x64
		{9F99BFC7-2710-46BC-AED3-49A36D2F1B9A}.Release|x64.Build.0 = Release|x64
		{9F99BFC7-2710-46BC-AED3-49A36D2F1B9A}.Release|x86.ActiveCfg = Release|x64
		{9F99BFC7-2710-46BC-AED3-49A36D2F1B9A}.Release|x86.Build.0 = Release|x64
		{DD3B3B24-A0EE-42FF-93BA-A70EE5715FAB}.Debug|x64.ActiveCfg = Debug|x64
		{DD3B3B24-A0EE-42FF-93BA-A70EE5715FAB}.Debug|x64.Build.0 = Debug|x64
		{DD3B3B24-A0EE-42FF-93BA-A70EE5715FAB}.Debug|x86.ActiveCfg = Debug|x64
		{DD3B3B24-A0EE-42FF-93BA-A70EE5715FAB}.Release|x64.ActiveCfg = Release|x64
		{DD3B3B24-A0EE-42FF-93BA-A70EE5715FAB}.Release|x64.Build.0 = Release|x64
		{DD3B3B24-A0EE-42FF-93BA-A70EE5715FAB}.Release|x86.ActiveCfg = Release|x64
		{DD3B3B24-A0EE-42FF-93BA-A70EE5715FAB}.Release|x86.Build.0 = Release|x64
		{78B079BD-9FC7-4B9E-B4A6-96DA0F00248B}.Debug|x64.ActiveCfg = Debug|x64
		{78B079BD-9FC7-4B9E-B4A6-96DA0F00248B}.Debug|x64.Build.0 = Debug|x64
		{78B079BD-9FC7-4B9E-B4A6-96DA0F00248B}.Debug|x86.ActiveCfg = Debug|x64
		{78B079BD-9FC7-4B9E-B4A6-96DA0F00248B}.Release|x64.ActiveCfg = Release|x64
		{78B079BD-9FC7-4B9E-B4A6-96DA0F00248B}.Release|x64.Build.0 = Release|x64
		{78B079BD-9FC7-4B9E-B4A6-96DA0F00248B}.Release|x86.ActiveCfg = Release|x64
		{78B079BD-9FC7-4B9E-B4A6-96DA0F00248B}.Release|x86.Build.0 = Release|x64
	EndGlobalSection
	GlobalSection(SolutionProperties) = preSolution
		HideSolutionNode = FALSE
	EndGlobalSection
	GlobalSection(ExtensibilityGlobals) = postSolution
		SolutionGuid = {5D979277-43F4-40CB-A63A-94FE4251A22C}
	EndGlobalSection
EndGlobal
