<?xml version="1.0" encoding="utf-8"?>
<Project ToolsVersion="4.0" xmlns="http://schemas.microsoft.com/developer/msbuild/2003">
  <ItemGroup>
    <Filter Include="common">
      <UniqueIdentifier>{8b88d2f2-153f-41b1-8ae1-47203fff4ac2}</UniqueIdentifier>
    </Filter>
    <Filter Include="windows">
      <UniqueIdentifier>{2b27e43f-a03f-450f-a923-a58730f694c6}</UniqueIdentifier>
    </Filter>
    <Filter Include="include">
      <UniqueIdentifier>{9e8b77cf-ae83-4888-bae6-ced62b860cad}</UniqueIdentifier>
    </Filter>
    <Filter Include="deps">
      <UniqueIdentifier>{64f3fe2d-918a-4d9b-a258-8a528d363fa8}</UniqueIdentifier>
    </Filter>
  </ItemGroup>
  <ItemGroup>
    <ClInclude Include="..\..\..\..\cubzh\deps\xptools\windows\internal_windows.hpp">
      <Filter>windows</Filter>
    </ClInclude>
    <ClInclude Include="..\..\..\..\cubzh\deps\xptools\windows\bundle_tar_gz.hpp">
      <Filter>windows</Filter>
    </ClInclude>
    <ClInclude Include="..\..\..\..\cubzh\deps\xptools\windows\icon_16.hpp">
      <Filter>windows</Filter>
    </ClInclude>
    <ClInclude Include="..\..\..\..\cubzh\deps\xptools\windows\icon_32.hpp">
      <Filter>windows</Filter>
    </ClInclude>
    <ClInclude Include="..\..\..\..\cubzh\deps\xptools\windows\icon_48.hpp">
      <Filter>windows</Filter>
    </ClInclude>
    <ClInclude Include="..\..\..\..\cubzh\deps\xptools\include\Channel.hpp">
      <Filter>include</Filter>
    </ClInclude>
    <ClInclude Include="..\..\..\..\cubzh\deps\xptools\include\compat_android.hpp">
      <Filter>include</Filter>
    </ClInclude>
    <ClInclude Include="..\..\..\..\cubzh\deps\xptools\include\Connection.hpp">
      <Filter>include</Filter>
    </ClInclude>
    <ClInclude Include="..\..\..\..\cubzh\deps\xptools\include\crypto.hpp">
      <Filter>include</Filter>
    </ClInclude>
    <ClInclude Include="..\..\..\..\cubzh\deps\xptools\include\device.h">
      <Filter>include</Filter>
    </ClInclude>
    <ClInclude Include="..\..\..\..\cubzh\deps\xptools\include\device.hpp">
      <Filter>include</Filter>
    </ClInclude>
    <ClInclude Include="..\..\..\..\cubzh\deps\xptools\include\filesystem.h">
      <Filter>include</Filter>
    </ClInclude>
    <ClInclude Include="..\..\..\..\cubzh\deps\xptools\include\filesystem.hpp">
      <Filter>include</Filter>
    </ClInclude>
    <ClInclude Include="..\..\..\..\cubzh\deps\xptools\include\HttpClient.hpp">
      <Filter>include</Filter>
    </ClInclude>
    <ClInclude Include="..\..\..\..\cubzh\deps\xptools\include\HttpCookie.hpp">
      <Filter>include</Filter>
    </ClInclude>
    <ClInclude Include="..\..\..\..\cubzh\deps\xptools\include\HttpRequest.hpp">
      <Filter>include</Filter>
    </ClInclude>
    <ClInclude Include="..\..\..\..\cubzh\deps\xptools\include\HttpRequestOpts.hpp">
      <Filter>include</Filter>
    </ClInclude>
    <ClInclude Include="..\..\..\..\cubzh\deps\xptools\include\HttpResponse.hpp">
      <Filter>include</Filter>
    </ClInclude>
    <ClInclude Include="..\..\..\..\cubzh\deps\xptools\include\JNIUtils.hpp">
      <Filter>include</Filter>
    </ClInclude>
    <ClInclude Include="..\..\..\..\cubzh\deps\xptools\include\json.hpp">
      <Filter>include</Filter>
    </ClInclude>
    <ClInclude Include="..\..\..\..\cubzh\deps\xptools\include\LocalConnection.hpp">
      <Filter>include</Filter>
    </ClInclude>
    <ClInclude Include="..\..\..\..\cubzh\deps\xptools\include\Macros.h">
      <Filter>include</Filter>
    </ClInclude>
    <ClInclude Include="..\..\..\..\cubzh\deps\xptools\include\mixpanel.h">
      <Filter>include</Filter>
    </ClInclude>
    <ClInclude Include="..\..\..\..\cubzh\deps\xptools\include\notifications.hpp">
      <Filter>include</Filter>
    </ClInclude>
    <ClInclude Include="..\..\..\..\cubzh\deps\xptools\include\OperationQueue.hpp">
      <Filter>include</Filter>
    </ClInclude>
    <ClInclude Include="..\..\..\..\cubzh\deps\xptools\include\preferences.hpp">
      <Filter>include</Filter>
    </ClInclude>
    <ClInclude Include="..\..\..\..\cubzh\deps\xptools\include\process.hpp">
      <Filter>include</Filter>
    </ClInclude>
    <ClInclude Include="..\..\..\..\cubzh\deps\xptools\include\strings.h">
      <Filter>include</Filter>
    </ClInclude>
    <ClInclude Include="..\..\..\..\cubzh\deps\xptools\include\strings.hpp">
      <Filter>include</Filter>
    </ClInclude>
    <ClInclude Include="..\..\..\..\cubzh\deps\xptools\include\textinput.h">
      <Filter>include</Filter>
    </ClInclude>
    <ClInclude Include="..\..\..\..\cubzh\deps\xptools\include\textinput.hpp">
      <Filter>include</Filter>
    </ClInclude>
    <ClInclude Include="..\..\..\..\cubzh\deps\xptools\include\ThreadManager.hpp">
      <Filter>include</Filter>
    </ClInclude>
    <ClInclude Include="..\..\..\..\cubzh\deps\xptools\include\tracking.hpp">
      <Filter>include</Filter>
    </ClInclude>
    <ClInclude Include="..\..\..\..\cubzh\deps\xptools\include\URL.hpp">
      <Filter>include</Filter>
    </ClInclude>
    <ClInclude Include="..\..\..\..\cubzh\deps\xptools\include\vxlog.h">
      <Filter>include</Filter>
    </ClInclude>
    <ClInclude Include="..\..\..\..\cubzh\deps\xptools\include\vxtime.h">
      <Filter>include</Filter>
    </ClInclude>
    <ClInclude Include="..\..\..\..\cubzh\deps\xptools\include\web.hpp">
      <Filter>include</Filter>
    </ClInclude>
    <ClInclude Include="..\..\..\..\cubzh\deps\xptools\include\WSBackend.hpp">
      <Filter>include</Filter>
    </ClInclude>
    <ClInclude Include="..\..\..\..\cubzh\deps\xptools\include\WSConnection.hpp">
      <Filter>include</Filter>
    </ClInclude>
    <ClInclude Include="..\..\..\..\cubzh\deps\xptools\include\WSServer.hpp">
      <Filter>include</Filter>
    </ClInclude>
    <ClInclude Include="..\..\..\..\cubzh\deps\xptools\include\WSServerConnection.hpp">
      <Filter>include</Filter>
    </ClInclude>
    <ClInclude Include="..\..\..\..\cubzh\deps\xptools\include\WSService.hpp">
      <Filter>include</Filter>
    </ClInclude>
    <ClInclude Include="..\..\..\..\cubzh\deps\xptools\include\WSTypes.hpp">
      <Filter>include</Filter>
    </ClInclude>
    <ClInclude Include="..\..\..\..\cubzh\deps\xptools\include\xptools.h">
      <Filter>include</Filter>
    </ClInclude>
    <ClInclude Include="..\..\..\..\cubzh\deps\xptools\include\audio.hpp">
      <Filter>include</Filter>
    </ClInclude>
    <ClInclude Include="..\..\..\..\cubzh\deps\xptools\deps\BZMD5.hpp">
      <Filter>deps</Filter>
    </ClInclude>
    <ClInclude Include="..\..\..\..\cubzh\deps\xptools\deps\cJSON.h">
      <Filter>deps</Filter>
    </ClInclude>
    <ClInclude Include="..\..\..\..\cubzh\deps\xptools\include\iap.hpp">
      <Filter>include</Filter>
    </ClInclude>
    <ClInclude Include="..\..\..\..\cubzh\deps\xptools\include\passkey.hpp">
      <Filter>include</Filter>
    </ClInclude>
    <ClInclude Include="..\..\..\..\cubzh\deps\xptools\include\encoding_base64.hpp">
      <Filter>include</Filter>
    </ClInclude>
  </ItemGroup>
  <ItemGroup>
    <ClCompile Include="..\..\..\..\cubzh\deps\xptools\windows\internal_windows.cpp">
      <Filter>windows</Filter>
    </ClCompile>
    <ClCompile Include="..\..\..\..\cubzh\deps\xptools\windows\log_windows.cpp">
      <Filter>windows</Filter>
    </ClCompile>
    <ClCompile Include="..\..\..\..\cubzh\deps\xptools\windows\miniaudio_impl.cpp">
      <Filter>windows</Filter>
    </ClCompile>
    <ClCompile Include="..\..\..\..\cubzh\deps\xptools\windows\notifications_windows.cpp">
      <Filter>windows</Filter>
    </ClCompile>
    <ClCompile Include="..\..\..\..\cubzh\deps\xptools\windows\process_windows.cpp">
      <Filter>windows</Filter>
    </ClCompile>
    <ClCompile Include="..\..\..\..\cubzh\deps\xptools\windows\web_windows.cpp">
      <Filter>windows</Filter>
    </ClCompile>
    <ClCompile Include="..\..\..\..\cubzh\deps\xptools\windows\device_windows.cpp">
      <Filter>windows</Filter>
    </ClCompile>
    <ClCompile Include="..\..\..\..\cubzh\deps\xptools\windows\filesystem_windows.cpp">
      <Filter>windows</Filter>
    </ClCompile>
    <ClCompile Include="..\..\..\..\cubzh\deps\xptools\deps\cJSON.c">
      <Filter>deps</Filter>
    </ClCompile>
    <ClCompile Include="..\..\..\..\cubzh\deps\xptools\deps\BZMD5.cpp">
      <Filter>deps</Filter>
    </ClCompile>
    <ClCompile Include="..\..\..\..\cubzh\deps\xptools\common\Connection.cpp">
      <Filter>common</Filter>
    </ClCompile>
    <ClCompile Include="..\..\..\..\cubzh\deps\xptools\common\crypto.cpp">
      <Filter>common</Filter>
    </ClCompile>
    <ClCompile Include="..\..\..\..\cubzh\deps\xptools\common\device.cpp">
      <Filter>common</Filter>
    </ClCompile>
    <ClCompile Include="..\..\..\..\cubzh\deps\xptools\common\device_c.cpp">
      <Filter>common</Filter>
    </ClCompile>
    <ClCompile Include="..\..\..\..\cubzh\deps\xptools\common\filesystem.cpp">
      <Filter>common</Filter>
    </ClCompile>
    <ClCompile Include="..\..\..\..\cubzh\deps\xptools\common\HttpClient.cpp">
      <Filter>common</Filter>
    </ClCompile>
    <ClCompile Include="..\..\..\..\cubzh\deps\xptools\common\HttpCookie.cpp">
      <Filter>common</Filter>
    </ClCompile>
    <ClCompile Include="..\..\..\..\cubzh\deps\xptools\common\HttpRequest.cpp">
      <Filter>common</Filter>
    </ClCompile>
    <ClCompile Include="..\..\..\..\cubzh\deps\xptools\common\HttpRequestOpts.cpp">
      <Filter>common</Filter>
    </ClCompile>
    <ClCompile Include="..\..\..\..\cubzh\deps\xptools\common\HttpResponse.cpp">
      <Filter>common</Filter>
    </ClCompile>
    <ClCompile Include="..\..\..\..\cubzh\deps\xptools\common\json.cpp">
      <Filter>common</Filter>
    </ClCompile>
    <ClCompile Include="..\..\..\..\cubzh\deps\xptools\common\LocalConnection.cpp">
      <Filter>common</Filter>
    </ClCompile>
    <ClCompile Include="..\..\..\..\cubzh\deps\xptools\common\OperationQueue.cpp">
      <Filter>common</Filter>
    </ClCompile>
    <ClCompile Include="..\..\..\..\cubzh\deps\xptools\common\process.cpp">
      <Filter>common</Filter>
    </ClCompile>
    <ClCompile Include="..\..\..\..\cubzh\deps\xptools\common\strings.cpp">
      <Filter>common</Filter>
    </ClCompile>
    <ClCompile Include="..\..\..\..\cubzh\deps\xptools\common\textinput.cpp">
      <Filter>common</Filter>
    </ClCompile>
    <ClCompile Include="..\..\..\..\cubzh\deps\xptools\common\ThreadManager.cpp">
      <Filter>common</Filter>
    </ClCompile>
    <ClCompile Include="..\..\..\..\cubzh\deps\xptools\common\tracking.cpp">
      <Filter>common</Filter>
    </ClCompile>
    <ClCompile Include="..\..\..\..\cubzh\deps\xptools\common\URL.cpp">
      <Filter>common</Filter>
    </ClCompile>
    <ClCompile Include="..\..\..\..\cubzh\deps\xptools\common\WSConnection.cpp">
      <Filter>common</Filter>
    </ClCompile>
    <ClCompile Include="..\..\..\..\cubzh\deps\xptools\common\WSServer.cpp">
      <Filter>common</Filter>
    </ClCompile>
    <ClCompile Include="..\..\..\..\cubzh\deps\xptools\common\WSServerConnection.cpp">
      <Filter>common</Filter>
    </ClCompile>
    <ClCompile Include="..\..\..\..\cubzh\deps\xptools\common\WSService.cpp">
      <Filter>common</Filter>
    </ClCompile>
    <ClCompile Include="..\..\..\..\cubzh\deps\xptools\common\audio.cpp">
      <Filter>common</Filter>
    </ClCompile>
    <ClCompile Include="..\..\..\..\cubzh\deps\xptools\common\notifications.cpp">
      <Filter>common</Filter>
    </ClCompile>
    <ClCompile Include="..\..\..\..\cubzh\deps\xptools\windows\HttpRequest_windows.cpp">
      <Filter>windows</Filter>
    </ClCompile>
    <ClCompile Include="..\..\..\..\cubzh\deps\xptools\windows\iap_windows.cpp">
      <Filter>windows</Filter>
    </ClCompile>
    <ClCompile Include="..\..\..\..\cubzh\deps\xptools\windows\passkey_windows.cpp">
      <Filter>windows</Filter>
    </ClCompile>
    <ClCompile Include="..\..\..\..\cubzh\deps\xptools\common\passkey.cpp" />
    <ClCompile Include="..\..\..\..\cubzh\deps\xptools\common\encoding_base64.cpp">
      <Filter>common</Filter>
    </ClCompile>
    <ClCompile Include="..\..\..\..\cubzh\deps\xptools\common\xp_http.cpp">
      <Filter>common</Filter>
    </ClCompile>
  </ItemGroup>
  <ItemGroup>
    <None Include="packages.config" />
  </ItemGroup>
</Project>